PackratFormat: 1.4
PackratVersion: 0.4.4
RVersion: 3.2.1
Repos: CRAN=https://cran.rstudio.com/,
    CRANextra=http://www.stats.ox.ac.uk/pub/RWin

Package: BH
Source: CRAN
Version: 1.58.0-1

Package: DBI
Source: CRAN
Version: 0.3.1

Package: R6
Source: CRAN
Version: 2.1.0

Package: RCurl
Source: CRAN
Version: 1.95-4.7
Requires: bitops
Hash: 7756ed9df5d79ca87bc9e93f85d89b87

Package: Rcpp
Source: CRAN
Version: 0.12.0

Package: TTR
Source: CRAN
Version: 0.23-0
Requires: xts, zoo

Package: assertthat
Source: CRAN
Version: 0.1

Package: bitops
Source: CRAN
Version: 1.0-6
Hash: 67d0775189fd0041d95abca618c5c07e

Package: caTools
Source: CRAN
Version: 1.17.1
Requires: bitops

Package: digest
Source: CRAN
Version: 0.6.8
Hash: de202f956596a476d09304e3a2ebf1e5

Package: dplyr
Source: CRAN
Version: 0.4.2
Requires: BH, DBI, R6, Rcpp, assertthat, lazyeval, magrittr

Package: evaluate
Source: CRAN
Version: 0.7
Requires: stringr

Package: formatR
Source: CRAN
Version: 1.2

Package: highr
Source: CRAN
Version: 0.5

Package: htmltools
Source: CRAN
Version: 0.2.6
Requires: digest

Package: knitr
Source: CRAN
Version: 1.10.5
Requires: digest, evaluate, formatR, highr, markdown, stringr, yaml

Package: lazyeval
Source: CRAN
Version: 0.1.10

Package: magrittr
Source: CRAN
Version: 1.5

Package: markdown
Source: CRAN
Version: 0.7.7
Requires: mime

Package: mime
Source: CRAN
Version: 0.3

Package: packrat
Source: CRAN
Version: 0.4.4
Hash: aed7d17407538df551a57caf6289c8bf

Package: plyr
Source: CRAN
Version: 1.8.3
Requires: Rcpp

Package: quantmod
Source: CRAN
Version: 0.4-5
Requires: TTR, xts, zoo

Package: rmarkdown
Source: CRAN
Version: 0.7
Requires: caTools, htmltools, knitr, yaml

Package: stringi
Source: CRAN
Version: 0.5-5

Package: stringr
Source: CRAN
Version: 1.0.0
Requires: magrittr, stringi

Package: xts
Source: CRAN
Version: 0.9-7
Requires: zoo

Package: yaml
Source: CRAN
Version: 2.1.13
Hash: 4854ccabebc225e8a7309fb4a74980de

Package: zoo
Source: CRAN
Version: 1.7-12
